<?xml version="1.0" encoding="utf-8"?>
<Project ToolsVersion="4.0" xmlns="http://schemas.microsoft.com/developer/msbuild/2003">
  <ItemGroup>
    <Filter Include="源文件">
      <UniqueIdentifier>{4FC737F1-C7A5-4376-A066-2A32D752A2FF}</UniqueIdentifier>
      <Extensions>cpp;c;cc;cxx;c++;cppm;ixx;def;odl;idl;hpj;bat;asm;asmx</Extensions>
    </Filter>
    <Filter Include="头文件">
      <UniqueIdentifier>{93995380-89BD-4b04-88EB-625FBE52EBFB}</UniqueIdentifier>
      <Extensions>h;hh;hpp;hxx;h++;hm;inl;inc;ipp;xsd</Extensions>
    </Filter>
    <Filter Include="资源文件">
      <UniqueIdentifier>{67DA6AB6-F800-4c08-8B7A-83BB121AAD01}</UniqueIdentifier>
      <Extensions>rc;ico;cur;bmp;dlg;rc2;rct;bin;rgs;gif;jpg;jpeg;jpe;resx;tiff;tif;png;wav;mfcribbon-ms</Extensions>
    </Filter>
  </ItemGroup>
  <ItemGroup>
    <ClCompile Include="main.cpp">
      <Filter>源文件</Filter>
    </ClCompile>
    <ClCompile Include="App.cpp">
      <Filter>源文件</Filter>
    </ClCompile>
    <ClCompile Include="core\camera.cpp">
      <Filter>源文件</Filter>
    </ClCompile>
    <ClCompile Include="core\Editor.cpp">
      <Filter>源文件</Filter>
    </ClCompile>
    <ClCompile Include="core\PlayerController.cpp">
      <Filter>源文件</Filter>
    </ClCompile>
    <ClCompile Include="core\Render.cpp">
      <Filter>源文件</Filter>
    </ClCompile>
    <ClCompile Include="core\Render\ParticleSystem.cpp">
      <Filter>源文件</Filter>
    </ClCompile>
    <ClCompile Include="core\Render\PostProcessing.cpp">
      <Filter>源文件</Filter>
    </ClCompile>
    <ClCompile Include="core\Render\ShadowMap.cpp">
      <Filter>源文件</Filter>
    </ClCompile>
    <ClCompile Include="core\Resource\Model.cpp">
      <Filter>源文件</Filter>
    </ClCompile>
    <ClCompile Include="core\Resource\SkinnedModel.cpp">
      <Filter>源文件</Filter>
    </ClCompile>
    <ClCompile Include="core\Resource\Texture.cpp">
      <Filter>源文件</Filter>
    </ClCompile>
    <ClCompile Include="core\Scene.cpp">
      <Filter>源文件</Filter>
    </ClCompile>
    <ClCompile Include="core\SkinnedData.cpp">
      <Filter>源文件</Filter>
    </ClCompile>
    <ClCompile Include="imgui\imgui.cpp">
      <Filter>源文件</Filter>
    </ClCompile>
    <ClCompile Include="imgui\imgui_demo.cpp">
      <Filter>源文件</Filter>
    </ClCompile>
    <ClCompile Include="imgui\imgui_draw.cpp">
      <Filter>源文件</Filter>
    </ClCompile>
    <ClCompile Include="imgui\imgui_widgets.cpp">
      <Filter>源文件</Filter>
    </ClCompile>
    <ClCompile Include="Util\FrameResoure.cpp">
      <Filter>源文件</Filter>
    </ClCompile>
    <ClCompile Include="Util\GeometryGenerator.cpp">
      <Filter>源文件</Filter>
    </ClCompile>
    <ClCompile Include="Util\vkUtil.cpp">
      <Filter>源文件</Filter>
    </ClCompile>
  </ItemGroup>
  <ItemGroup>
    <ClInclude Include="App.h">
      <Filter>头文件</Filter>
    </ClInclude>
    <ClInclude Include="core\camera.h">
      <Filter>头文件</Filter>
    </ClInclude>
    <ClInclude Include="core\Component.h">
      <Filter>头文件</Filter>
    </ClInclude>
    <ClInclude Include="core\Editor.h">
      <Filter>头文件</Filter>
    </ClInclude>
    <ClInclude Include="core\PlayerController.h">
      <Filter>头文件</Filter>
    </ClInclude>
    <ClInclude Include="core\Render.h">
      <Filter>头文件</Filter>
    </ClInclude>
    <ClInclude Include="core\Render\ParticleSystem.h">
      <Filter>头文件</Filter>
    </ClInclude>
    <ClInclude Include="core\Render\PostProcessing.h">
      <Filter>头文件</Filter>
    </ClInclude>
    <ClInclude Include="core\Render\ShadowMap.h">
      <Filter>头文件</Filter>
    </ClInclude>
    <ClInclude Include="core\Resource\Model.h">
      <Filter>头文件</Filter>
    </ClInclude>
    <ClInclude Include="core\Resource\SkinnedModel.h">
      <Filter>头文件</Filter>
    </ClInclude>
    <ClInclude Include="core\Resource\Texture.h">
      <Filter>头文件</Filter>
    </ClInclude>
    <ClInclude Include="core\Scene.h">
      <Filter>头文件</Filter>
    </ClInclude>
    <ClInclude Include="core\SkinnedData.h">
      <Filter>头文件</Filter>
    </ClInclude>
    <ClInclude Include="core\Thread.h">
      <Filter>头文件</Filter>
    </ClInclude>
    <ClInclude Include="imGUI.h">
      <Filter>头文件</Filter>
    </ClInclude>
    <ClInclude Include="imgui\imconfig.h">
      <Filter>头文件</Filter>
    </ClInclude>
    <ClInclude Include="imgui\imgui.h">
      <Filter>头文件</Filter>
    </ClInclude>
    <ClInclude Include="imgui\imgui_internal.h">
      <Filter>头文件</Filter>
    </ClInclude>
    <ClInclude Include="imgui\imstb_rectpack.h">
      <Filter>头文件</Filter>
    </ClInclude>
    <ClInclude Include="imgui\imstb_textedit.h">
      <Filter>头文件</Filter>
    </ClInclude>
    <ClInclude Include="imgui\imstb_truetype.h">
      <Filter>头文件</Filter>
    </ClInclude>
    <ClInclude Include="Util\FrameResoure.h">
      <Filter>头文件</Filter>
    </ClInclude>
    <ClInclude Include="Util\GeometryGenerator.h">
      <Filter>头文件</Filter>
    </ClInclude>
    <ClInclude Include="Util\vkUtil.h">
      <Filter>头文件</Filter>
    </ClInclude>
  </ItemGroup>
</Project>